
Microsoft Visual Studio Solution File, Format Version 12.00
# Visual Studio Version 17
VisualStudioVersion = 17.8.34322.80
MinimumVisualStudioVersion = 10.0.40219.1
Project("{FAE04EC0-301F-11D3-BF4B-00C04F79EFBC}") = "PostAIWebAPI", "PostAIWebAPI.csproj", "{5ABCD259-EDDD-4163-A328-EBD7D41DCC16}"
EndProject
Global
	GlobalSection(SolutionConfigurationPlatforms) = preSolution
		Debug|Any CPU = Debug|Any CPU
		Release|Any CPU = Release|Any CPU
	EndGlobalSection
	GlobalSection(ProjectConfigurationPlatforms) = postSolution
		{5ABCD259-EDDD-4163-A328-EBD7D41DCC16}.Debug|Any CPU.ActiveCfg = Debug|Any CPU
		{5ABCD259-EDDD-4163-A328-EBD7D41DCC16}.Debug|Any CPU.Build.0 = Debug|Any CPU
		{5ABCD259-EDDD-4163-A328-EBD7D41DCC16}.Release|Any CPU.ActiveCfg = Release|Any CPU
		{5ABCD259-EDDD-4163-A328-EBD7D41DCC16}.Release|Any CPU.Build.0 = Release|Any CPU
	EndGlobalSection
	GlobalSection(SolutionProperties) = preSolution
		HideSolutionNode = FALSE
	EndGlobalSection
	GlobalSection(ExtensibilityGlobals) = postSolution
		SolutionGuid = {DC31DAE4-CB4A-4C08-873C-663757E34187}
	EndGlobalSection
EndGlobal
